// !$*UTF8*$!
{
	archiveVersion = 1;
	classes = {
	};
	objectVersion = 50;
	objects = {

/* Begin PBXBuildFile section */
		0D342ED326357519004C3EFC /* AppDelegate.swift in Sources */ = {isa = PBXBuildFile; fileRef = 0D342ED226357519004C3EFC /* AppDelegate.swift */; };
		0D342ED526357519004C3EFC /* SceneDelegate.swift in Sources */ = {isa = PBXBuildFile; fileRef = 0D342ED426357519004C3EFC /* SceneDelegate.swift */; };
		0D342ED726357519004C3EFC /* ViewController.swift in Sources */ = {isa = PBXBuildFile; fileRef = 0D342ED626357519004C3EFC /* ViewController.swift */; };
		0D342EDA26357519004C3EFC /* Main.storyboard in Resources */ = {isa = PBXBuildFile; fileRef = 0D342ED826357519004C3EFC /* Main.storyboard */; };
		0D342EDC26357519004C3EFC /* Assets.xcassets in Resources */ = {isa = PBXBuildFile; fileRef = 0D342EDB26357519004C3EFC /* Assets.xcassets */; };
		0D342EDF26357519004C3EFC /* LaunchScreen.storyboard in Resources */ = {isa = PBXBuildFile; fileRef = 0D342EDD26357519004C3EFC /* LaunchScreen.storyboard */; };
		0D8ED693263C9DDB00AE249F /* PlayerTableViewCell.swift in Sources */ = {isa = PBXBuildFile; fileRef = 0D8ED692263C9DDB00AE249F /* PlayerTableViewCell.swift */; };
/* End PBXBuildFile section */

/* Begin PBXFileReference section */
		0D342ECF26357519004C3EFC /* TicketToRide.app */ = {isa = PBXFileReference; explicitFileType = wrapper.application; includeInIndex = 0; path = TicketToRide.app; sourceTree = BUILT_PRODUCTS_DIR; };
		0D342ED226357519004C3EFC /* AppDelegate.swift */ = {isa = PBXFileReference; lastKnownFileType = sourcecode.swift; path = AppDelegate.swift; sourceTree = "<group>"; };
		0D342ED426357519004C3EFC /* SceneDelegate.swift */ = {isa = PBXFileReference; lastKnownFileType = sourcecode.swift; path = SceneDelegate.swift; sourceTree = "<group>"; };
		0D342ED626357519004C3EFC /* ViewController.swift */ = {isa = PBXFileReference; lastKnownFileType = sourcecode.swift; path = ViewController.swift; sourceTree = "<group>"; };
		0D342ED926357519004C3EFC /* Base */ = {isa = PBXFileReference; lastKnownFileType = file.storyboard; name = Base; path = Base.lproj/Main.storyboard; sourceTree = "<group>"; };
		0D342EDB26357519004C3EFC /* Assets.xcassets */ = {isa = PBXFileReference; lastKnownFileType = folder.assetcatalog; path = Assets.xcassets; sourceTree = "<group>"; };
		0D342EDE26357519004C3EFC /* Base */ = {isa = PBXFileReference; lastKnownFileType = file.storyboard; name = Base; path = Base.lproj/LaunchScreen.storyboard; sourceTree = "<group>"; };
		0D342EE026357519004C3EFC /* Info.plist */ = {isa = PBXFileReference; lastKnownFileType = text.plist.xml; path = Info.plist; sourceTree = "<group>"; };
		0D8ED692263C9DDB00AE249F /* PlayerTableViewCell.swift */ = {isa = PBXFileReference; lastKnownFileType = sourcecode.swift; path = PlayerTableViewCell.swift; sourceTree = "<group>"; };
/* End PBXFileReference section */

/* Begin PBXFrameworksBuildPhase section */
		0D342ECC26357518004C3EFC /* Frameworks */ = {
			isa = PBXFrameworksBuildPhase;
			buildActionMask = 2147483647;
			files = (
			);
			runOnlyForDeploymentPostprocessing = 0;
		};
/* End PBXFrameworksBuildPhase section */

/* Begin PBXGroup section */
		0D342EC626357518004C3EFC = {
			isa = PBXGroup;
			children = (
				0D342ED126357519004C3EFC /* TicketToRide */,
				0D342ED026357519004C3EFC /* Products */,
			);
			sourceTree = "<group>";
		};
		0D342ED026357519004C3EFC /* Products */ = {
			isa = PBXGroup;
			children = (
				0D342ECF26357519004C3EFC /* TicketToRide.app */,
			);
			name = Products;
			sourceTree = "<group>";
		};
		0D342ED126357519004C3EFC /* TicketToRide */ = {
			isa = PBXGroup;
			children = (
				0D8ED691263C9D1D00AE249F /* Player Configuration */,
				0D342ED226357519004C3EFC /* AppDelegate.swift */,
				0D342ED426357519004C3EFC /* SceneDelegate.swift */,
				0D342ED826357519004C3EFC /* Main.storyboard */,
				0D342EDB26357519004C3EFC /* Assets.xcassets */,
				0D342EDD26357519004C3EFC /* LaunchScreen.storyboard */,
				0D342EE026357519004C3EFC /* Info.plist */,
			);
			path = TicketToRide;
			sourceTree = "<group>";
		};
		0D8ED691263C9D1D00AE249F /* Player Configuration */ = {
			isa = PBXGroup;
			children = (
				0D342ED626357519004C3EFC /* ViewController.swift */,
				0D8ED692263C9DDB00AE249F /* PlayerTableViewCell.swift */,
			);
			path = "Player Configuration";
			sourceTree = "<group>";
		};
/* End PBXGroup section */

/* Begin PBXNativeTarget section */
		0D342ECE26357518004C3EFC /* TicketToRide */ = {
			isa = PBXNativeTarget;
			buildConfigurationList = 0D342EE326357519004C3EFC /* Build configuration list for PBXNativeTarget "TicketToRide" */;
			buildPhases = (
				0D342ECB26357518004C3EFC /* Sources */,
				0D342ECC26357518004C3EFC /* Frameworks */,
				0D342ECD26357518004C3EFC /* Resources */,
			);
			buildRules = (
			);
			dependencies = (
			);
			name = TicketToRide;
			productName = TicketToRide;
			productReference = 0D342ECF26357519004C3EFC /* TicketToRide.app */;
			productType = "com.apple.product-type.application";
		};
/* End PBXNativeTarget section */

/* Begin PBXProject section */
		0D342EC726357518004C3EFC /* Project object */ = {
			isa = PBXProject;
			attributes = {
				LastSwiftUpdateCheck = 1240;
				LastUpgradeCheck = 1240;
				TargetAttributes = {
					0D342ECE26357518004C3EFC = {
						CreatedOnToolsVersion = 12.4;
					};
				};
			};
			buildConfigurationList = 0D342ECA26357518004C3EFC /* Build configuration list for PBXProject "TicketToRide" */;
			compatibilityVersion = "Xcode 9.3";
			developmentRegion = en;
			hasScannedForEncodings = 0;
			knownRegions = (
				en,
				Base,
			);
			mainGroup = 0D342EC626357518004C3EFC;
			productRefGroup = 0D342ED026357519004C3EFC /* Products */;
			projectDirPath = "";
			projectRoot = "";
			targets = (
				0D342ECE26357518004C3EFC /* TicketToRide */,
			);
		};
/* End PBXProject section */

/* Begin PBXResourcesBuildPhase section */
		0D342ECD26357518004C3EFC /* Resources */ = {
			isa = PBXResourcesBuildPhase;
			buildActionMask = 2147483647;
			files = (
				0D342EDF26357519004C3EFC /* LaunchScreen.storyboard in Resources */,
				0D342EDC26357519004C3EFC /* Assets.xcassets in Resources */,
				0D342EDA26357519004C3EFC /* Main.storyboard in Resources */,
			);
			runOnlyForDeploymentPostprocessing = 0;
		};
/* End PBXResourcesBuildPhase section */

/* Begin PBXSourcesBuildPhase section */
		0D342ECB26357518004C3EFC /* Sources */ = {
			isa = PBXSourcesBuildPhase;
			buildActionMask = 2147483647;
			files = (
				0D8ED693263C9DDB00AE249F /* PlayerTableViewCell.swift in Sources */,
				0D342ED726357519004C3EFC /* ViewController.swift in Sources */,
				0D342ED326357519004C3EFC /* AppDelegate.swift in Sources */,
				0D342ED526357519004C3EFC /* SceneDelegate.swift in Sources */,
			);
			runOnlyForDeploymentPostprocessing = 0;
		};
/* End PBXSourcesBuildPhase section */

/* Begin PBXVariantGroup section */
		0D342ED826357519004C3EFC /* Main.storyboard */ = {
			isa = PBXVariantGroup;
			children = (
				0D342ED926357519004C3EFC /* Base */,
			);
			name = Main.storyboard;
			sourceTree = "<group>";
		};
		0D342EDD26357519004C3EFC /* LaunchScreen.storyboard */ = {
			isa = PBXVariantGroup;
			children = (
				0D342EDE26357519004C3EFC /* Base */,
			);
			name = LaunchScreen.storyboard;
			sourceTree = "<group>";
		};
/* End PBXVariantGroup section */

/* Begin XCBuildConfiguration section */
		0D342EE126357519004C3EFC /* Debug */ = {
			isa = XCBuildConfiguration;
			buildSettings = {
				ALWAYS_SEARCH_USER_PATHS = NO;
				CLANG_ANALYZER_NONNULL = YES;
				CLANG_ANALYZER_NUMBER_OBJECT_CONVERSION = YES_AGGRESSIVE;
				CLANG_CXX_LANGUAGE_STANDARD = "gnu++14";
				CLANG_CXX_LIBRARY = "libc++";
				CLANG_ENABLE_MODULES = YES;
				CLANG_ENABLE_OBJC_ARC = YES;
				CLANG_ENABLE_OBJC_WEAK = YES;
				CLANG_WARN_BLOCK_CAPTURE_AUTORELEASING = YES;
				CLANG_WARN_BOOL_CONVERSION = YES;
				CLANG_WARN_COMMA = YES;
				CLANG_WARN_CONSTANT_CONVERSION = YES;
				CLANG_WARN_DEPRECATED_OBJC_IMPLEMENTATIONS = YES;
				CLANG_WARN_DIRECT_OBJC_ISA_USAGE = YES_ERROR;
				CLANG_WARN_DOCUMENTATION_COMMENTS = YES;
				CLANG_WARN_EMPTY_BODY = YES;
				CLANG_WARN_ENUM_CONVERSION = YES;
				CLANG_WARN_INFINITE_RECURSION = YES;
				CLANG_WARN_INT_CONVERSION = YES;
				CLANG_WARN_NON_LITERAL_NULL_CONVERSION = YES;
				CLANG_WARN_OBJC_IMPLICIT_RETAIN_SELF = YES;
				CLANG_WARN_OBJC_LITERAL_CONVERSION = YES;
				CLANG_WARN_OBJC_ROOT_CLASS = YES_ERROR;
				CLANG_WARN_QUOTED_INCLUDE_IN_FRAMEWORK_HEADER = YES;
				CLANG_WARN_RANGE_LOOP_ANALYSIS = YES;
				CLANG_WARN_STRICT_PROTOTYPES = YES;
				CLANG_WARN_SUSPICIOUS_MOVE = YES;
				CLANG_WARN_UNGUARDED_AVAILABILITY = YES_AGGRESSIVE;
				CLANG_WARN_UNREACHABLE_CODE = YES;
				CLANG_WARN__DUPLICATE_METHOD_MATCH = YES;
				COPY_PHASE_STRIP = NO;
				DEBUG_INFORMATION_FORMAT = dwarf;
				ENABLE_STRICT_OBJC_MSGSEND = YES;
				ENABLE_TESTABILITY = YES;
				GCC_C_LANGUAGE_STANDARD = gnu11;
				GCC_DYNAMIC_NO_PIC = NO;
				GCC_NO_COMMON_BLOCKS = YES;
				GCC_OPTIMIZATION_LEVEL = 0;
				GCC_PREPROCESSOR_DEFINITIONS = (
					"DEBUG=1",
					"$(inherited)",
				);
				GCC_WARN_64_TO_32_BIT_CONVERSION = YES;
				GCC_WARN_ABOUT_RETURN_TYPE = YES_ERROR;
				GCC_WARN_UNDECLARED_SELECTOR = YES;
				GCC_WARN_UNINITIALIZED_AUTOS = YES_AGGRESSIVE;
				GCC_WARN_UNUSED_FUNCTION = YES;
				GCC_WARN_UNUSED_VARIABLE = YES;
				IPHONEOS_DEPLOYMENT_TARGET = 14.4;
				MTL_ENABLE_DEBUG_INFO = INCLUDE_SOURCE;
				MTL_FAST_MATH = YES;
				ONLY_ACTIVE_ARCH = YES;
				SDKROOT = iphoneos;
				SWIFT_ACTIVE_COMPILATION_CONDITIONS = DEBUG;
				SWIFT_OPTIMIZATION_LEVEL = "-Onone";
			};
			name = Debug;
		};
		0D342EE226357519004C3EFC /* Release */ = {
			isa = XCBuildConfiguration;
			buildSettings = {
				ALWAYS_SEARCH_USER_PATHS = NO;
				CLANG_ANALYZER_NONNULL = YES;
				CLANG_ANALYZER_NUMBER_OBJECT_CONVERSION = YES_AGGRESSIVE;
				CLANG_CXX_LANGUAGE_STANDARD = "gnu++14";
				CLANG_CXX_LIBRARY = "libc++";
				CLANG_ENABLE_MODULES = YES;
				CLANG_ENABLE_OBJC_ARC = YES;
				CLANG_ENABLE_OBJC_WEAK = YES;
				CLANG_WARN_BLOCK_CAPTURE_AUTORELEASING = YES;
				CLANG_WARN_BOOL_CONVERSION = YES;
				CLANG_WARN_COMMA = YES;
				CLANG_WARN_CONSTANT_CONVERSION = YES;
				CLANG_WARN_DEPRECATED_OBJC_IMPLEMENTATIONS = YES;
				CLANG_WARN_DIRECT_OBJC_ISA_USAGE = YES_ERROR;
				CLANG_WARN_DOCUMENTATION_COMMENTS = YES;
				CLANG_WARN_EMPTY_BODY = YES;
				CLANG_WARN_ENUM_CONVERSION = YES;
				CLANG_WARN_INFINITE_RECURSION = YES;
				CLANG_WARN_INT_CONVERSION = YES;
				CLANG_WARN_NON_LITERAL_NULL_CONVERSION = YES;
				CLANG_WARN_OBJC_IMPLICIT_RETAIN_SELF = YES;
				CLANG_WARN_OBJC_LITERAL_CONVERSION = YES;
				CLANG_WARN_OBJC_ROOT_CLASS = YES_ERROR;
				CLANG_WARN_QUOTED_INCLUDE_IN_FRAMEWORK_HEADER = YES;
				CLANG_WARN_RANGE_LOOP_ANALYSIS = YES;
				CLANG_WARN_STRICT_PROTOTYPES = YES;
				CLANG_WARN_SUSPICIOUS_MOVE = YES;
				CLANG_WARN_UNGUARDED_AVAILABILITY = YES_AGGRESSIVE;
				CLANG_WARN_UNREACHABLE_CODE = YES;
				CLANG_WARN__DUPLICATE_METHOD_MATCH = YES;
				COPY_PHASE_STRIP = NO;
				DEBUG_INFORMATION_FORMAT = "dwarf-with-dsym";
				ENABLE_NS_ASSERTIONS = NO;
				ENABLE_STRICT_OBJC_MSGSEND = YES;
				GCC_C_LANGUAGE_STANDARD = gnu11;
				GCC_NO_COMMON_BLOCKS = YES;
				GCC_WARN_64_TO_32_BIT_CONVERSION = YES;
				GCC_WARN_ABOUT_RETURN_TYPE = YES_ERROR;
				GCC_WARN_UNDECLARED_SELECTOR = YES;
				GCC_WARN_UNINITIALIZED_AUTOS = YES_AGGRESSIVE;
				GCC_WARN_UNUSED_FUNCTION = YES;
				GCC_WARN_UNUSED_VARIABLE = YES;
				IPHONEOS_DEPLOYMENT_TARGET = 14.4;
				MTL_ENABLE_DEBUG_INFO = NO;
				MTL_FAST_MATH = YES;
				SDKROOT = iphoneos;
				SWIFT_COMPILATION_MODE = wholemodule;
				SWIFT_OPTIMIZATION_LEVEL = "-O";
				VALIDATE_PRODUCT = YES;
			};
			name = Release;
		};
		0D342EE426357519004C3EFC /* Debug */ = {
			isa = XCBuildConfiguration;
			buildSettings = {
				ASSETCATALOG_COMPILER_APPICON_NAME = AppIcon;
				ASSETCATALOG_COMPILER_GLOBAL_ACCENT_COLOR_NAME = AccentColor;
				CODE_SIGN_STYLE = Automatic;
				DEVELOPMENT_TEAM = 352CCRYTTH;
				INFOPLIST_FILE = TicketToRide/Info.plist;
				LD_RUNPATH_SEARCH_PATHS = (
					"$(inherited)",
					"@executable_path/Frameworks",
				);
				PRODUCT_BUNDLE_IDENTIFIER = SylwiaMx.TicketToRide;
				PRODUCT_NAME = "$(TARGET_NAME)";
				SWIFT_VERSION = 5.0;
				TARGETED_DEVICE_FAMILY = "1,2";
			};
			name = Debug;
		};
		0D342EE526357519004C3EFC /* Release */ = {
			isa = XCBuildConfiguration;
			buildSettings = {
				ASSETCATALOG_COMPILER_APPICON_NAME = AppIcon;
				ASSETCATALOG_COMPILER_GLOBAL_ACCENT_COLOR_NAME = AccentColor;
				CODE_SIGN_STYLE = Automatic;
				DEVELOPMENT_TEAM = 352CCRYTTH;
				INFOPLIST_FILE = TicketToRide/Info.plist;
				LD_RUNPATH_SEARCH_PATHS = (
					"$(inherited)",
					"@executable_path/Frameworks",
				);
				PRODUCT_BUNDLE_IDENTIFIER = SylwiaMx.TicketToRide;
				PRODUCT_NAME = "$(TARGET_NAME)";
				SWIFT_VERSION = 5.0;
				TARGETED_DEVICE_FAMILY = "1,2";
			};
			name = Release;
		};
/* End XCBuildConfiguration section */

/* Begin XCConfigurationList section */
		0D342ECA26357518004C3EFC /* Build configuration list for PBXProject "TicketToRide" */ = {
			isa = XCConfigurationList;
			buildConfigurations = (
				0D342EE126357519004C3EFC /* Debug */,
				0D342EE226357519004C3EFC /* Release */,
			);
			defaultConfigurationIsVisible = 0;
			defaultConfigurationName = Release;
		};
		0D342EE326357519004C3EFC /* Build configuration list for PBXNativeTarget "TicketToRide" */ = {
			isa = XCConfigurationList;
			buildConfigurations = (
				0D342EE426357519004C3EFC /* Debug */,
				0D342EE526357519004C3EFC /* Release */,
			);
			defaultConfigurationIsVisible = 0;
			defaultConfigurationName = Release;
		};
/* End XCConfigurationList section */
	};
	rootObject = 0D342EC726357518004C3EFC /* Project object */;
}
